
Microsoft Visual Studio Solution File, Format Version 12.00
# Visual Studio Version 17
VisualStudioVersion = 17.13.35806.99 d17.13
MinimumVisualStudioVersion = 10.0.40219.1
Project("{FAE04EC0-301F-11D3-BF4B-00C04F79EFBC}") = "Course", "Course.csproj", "{2E422A29-E238-4880-BFDF-8E80FE1E85E9}"
EndProject
Global
	GlobalSection(SolutionConfigurationPlatforms) = preSolution
		Debug|Any CPU = Debug|Any CPU
		Release|Any CPU = Release|Any CPU
	EndGlobalSection
	GlobalSection(ProjectConfigurationPlatforms) = postSolution
		{2E422A29-E238-4880-BFDF-8E80FE1E85E9}.Debug|Any CPU.ActiveCfg = Debug|Any CPU
		{2E422A29-E238-4880-BFDF-8E80FE1E85E9}.Debug|Any CPU.Build.0 = Debug|Any CPU
		{2E422A29-E238-4880-BFDF-8E80FE1E85E9}.Release|Any CPU.ActiveCfg = Release|Any CPU
		{2E422A29-E238-4880-BFDF-8E80FE1E85E9}.Release|Any CPU.Build.0 = Release|Any CPU
	EndGlobalSection
	GlobalSection(SolutionProperties) = preSolution
		HideSolutionNode = FALSE
	EndGlobalSection
	GlobalSection(ExtensibilityGlobals) = postSolution
		SolutionGuid = {65A5D5D8-6C4F-426D-AF98-20EC8C12EFCC}
	EndGlobalSection
EndGlobal
